
Microsoft Visual Studio Solution File, Format Version 12.00
# Visual Studio Version 16
VisualStudioVersion = 16.0.29613.14
MinimumVisualStudioVersion = 10.0.40219.1
Project("{9A19103F-16F7-4668-BE54-9A1E7A4F7556}") = "PropLogicSolver", "PropLogicSolver\PropLogicSolver.csproj", "{42F9EF55-E6E7-4FF2-9790-6C43AE3C7ED7}"
EndProject
Project("{9A19103F-16F7-4668-BE54-9A1E7A4F7556}") = "PropLogicSolver.Tests", "PropLogicSolver.Tests\PropLogicSolver.Tests.csproj", "{6C3B6BD4-ED55-4F44-A86B-DBC4B64C3D21}"
EndProject
Project("{FAE04EC0-301F-11D3-BF4B-00C04F79EFBC}") = "TruthTableSolver", "TruthTableSolver\TruthTableSolver.csproj", "{796C2D3D-04F4-4EB3-942C-EA10DB5C33B3}"
EndProject
Global
	GlobalSection(SolutionConfigurationPlatforms) = preSolution
		Debug|Any CPU = Debug|Any CPU
		Release|Any CPU = Release|Any CPU
	EndGlobalSection
	GlobalSection(ProjectConfigurationPlatforms) = postSolution
		{42F9EF55-E6E7-4FF2-9790-6C43AE3C7ED7}.Debug|Any CPU.ActiveCfg = Debug|Any CPU
		{42F9EF55-E6E7-4FF2-9790-6C43AE3C7ED7}.Debug|Any CPU.Build.0 = Debug|Any CPU
		{42F9EF55-E6E7-4FF2-9790-6C43AE3C7ED7}.Release|Any CPU.ActiveCfg = Release|Any CPU
		{42F9EF55-E6E7-4FF2-9790-6C43AE3C7ED7}.Release|Any CPU.Build.0 = Release|Any CPU
		{6C3B6BD4-ED55-4F44-A86B-DBC4B64C3D21}.Debug|Any CPU.ActiveCfg = Debug|Any CPU
		{6C3B6BD4-ED55-4F44-A86B-DBC4B64C3D21}.Debug|Any CPU.Build.0 = Debug|Any CPU
		{6C3B6BD4-ED55-4F44-A86B-DBC4B64C3D21}.Release|Any CPU.ActiveCfg = Release|Any CPU
		{6C3B6BD4-ED55-4F44-A86B-DBC4B64C3D21}.Release|Any CPU.Build.0 = Release|Any CPU
		{796C2D3D-04F4-4EB3-942C-EA10DB5C33B3}.Debug|Any CPU.ActiveCfg = Debug|Any CPU
		{796C2D3D-04F4-4EB3-942C-EA10DB5C33B3}.Debug|Any CPU.Build.0 = Debug|Any CPU
		{796C2D3D-04F4-4EB3-942C-EA10DB5C33B3}.Release|Any CPU.ActiveCfg = Release|Any CPU
		{796C2D3D-04F4-4EB3-942C-EA10DB5C33B3}.Release|Any CPU.Build.0 = Release|Any CPU
	EndGlobalSection
	GlobalSection(SolutionProperties) = preSolution
		HideSolutionNode = FALSE
	EndGlobalSection
	GlobalSection(ExtensibilityGlobals) = postSolution
		SolutionGuid = {B56B31C9-C9E3-432C-BDF4-481B11F5872C}
	EndGlobalSection
EndGlobal
